
Microsoft Visual Studio Solution File, Format Version 12.00
# Visual Studio Version 17
VisualStudioVersion = 17.9.34728.123
MinimumVisualStudioVersion = 10.0.40219.1
Project("{9A19103F-16F7-4668-BE54-9A1E7A4F7556}") = "ProductServices", "microservices\product services\ProductServices.csproj", "{2D92C3FB-9FC4-498D-86EC-8FC92A0D4304}"
EndProject
Project("{9A19103F-16F7-4668-BE54-9A1E7A4F7556}") = "InventoryServices", "microservices\InventoryService\InventoryServices.csproj", "{7DE13D56-412F-4EFA-8510-D829C3856948}"
EndProject
Project("{9A19103F-16F7-4668-BE54-9A1E7A4F7556}") = "UserServices", "microservices\UserServices\UserServices.csproj", "{DCD7C685-BA3B-4F98-85D1-5D4F972F39B1}"
EndProject
Project("{9A19103F-16F7-4668-BE54-9A1E7A4F7556}") = "CartServices", "microservices\CartServices\CartServices.csproj", "{6BE7B1AD-42D7-4AD8-8EAF-FBAE44953BF9}"
EndProject
Project("{9A19103F-16F7-4668-BE54-9A1E7A4F7556}") = "OrderServices", "microservices\OrderServices\OrderServices.csproj", "{4C3325CB-F299-4950-826F-3B4610393C7E}"
EndProject
Project("{9A19103F-16F7-4668-BE54-9A1E7A4F7556}") = "Authentication", "Authentication\Authentication.csproj", "{A6795523-1BC9-4B2A-96BE-1B54B2675475}"
EndProject
Project("{9A19103F-16F7-4668-BE54-9A1E7A4F7556}") = "ApiGatewayService", "ApiGatewayService\ApiGatewayService.csproj", "{630BDFFC-D3B0-4C89-A45C-A8731892D138}"
EndProject
Global
	GlobalSection(SolutionConfigurationPlatforms) = preSolution
		Debug|Any CPU = Debug|Any CPU
		Release|Any CPU = Release|Any CPU
	EndGlobalSection
	GlobalSection(ProjectConfigurationPlatforms) = postSolution
		{2D92C3FB-9FC4-498D-86EC-8FC92A0D4304}.Debug|Any CPU.ActiveCfg = Debug|Any CPU
		{2D92C3FB-9FC4-498D-86EC-8FC92A0D4304}.Debug|Any CPU.Build.0 = Debug|Any CPU
		{2D92C3FB-9FC4-498D-86EC-8FC92A0D4304}.Release|Any CPU.ActiveCfg = Release|Any CPU
		{2D92C3FB-9FC4-498D-86EC-8FC92A0D4304}.Release|Any CPU.Build.0 = Release|Any CPU
		{7DE13D56-412F-4EFA-8510-D829C3856948}.Debug|Any CPU.ActiveCfg = Debug|Any CPU
		{7DE13D56-412F-4EFA-8510-D829C3856948}.Debug|Any CPU.Build.0 = Debug|Any CPU
		{7DE13D56-412F-4EFA-8510-D829C3856948}.Release|Any CPU.ActiveCfg = Release|Any CPU
		{7DE13D56-412F-4EFA-8510-D829C3856948}.Release|Any CPU.Build.0 = Release|Any CPU
		{DCD7C685-BA3B-4F98-85D1-5D4F972F39B1}.Debug|Any CPU.ActiveCfg = Debug|Any CPU
		{DCD7C685-BA3B-4F98-85D1-5D4F972F39B1}.Debug|Any CPU.Build.0 = Debug|Any CPU
		{DCD7C685-BA3B-4F98-85D1-5D4F972F39B1}.Release|Any CPU.ActiveCfg = Release|Any CPU
		{DCD7C685-BA3B-4F98-85D1-5D4F972F39B1}.Release|Any CPU.Build.0 = Release|Any CPU
		{6BE7B1AD-42D7-4AD8-8EAF-FBAE44953BF9}.Debug|Any CPU.ActiveCfg = Debug|Any CPU
		{6BE7B1AD-42D7-4AD8-8EAF-FBAE44953BF9}.Debug|Any CPU.Build.0 = Debug|Any CPU
		{6BE7B1AD-42D7-4AD8-8EAF-FBAE44953BF9}.Release|Any CPU.ActiveCfg = Release|Any CPU
		{6BE7B1AD-42D7-4AD8-8EAF-FBAE44953BF9}.Release|Any CPU.Build.0 = Release|Any CPU
		{4C3325CB-F299-4950-826F-3B4610393C7E}.Debug|Any CPU.ActiveCfg = Debug|Any CPU
		{4C3325CB-F299-4950-826F-3B4610393C7E}.Debug|Any CPU.Build.0 = Debug|Any CPU
		{4C3325CB-F299-4950-826F-3B4610393C7E}.Release|Any CPU.ActiveCfg = Release|Any CPU
		{4C3325CB-F299-4950-826F-3B4610393C7E}.Release|Any CPU.Build.0 = Release|Any CPU
		{A6795523-1BC9-4B2A-96BE-1B54B2675475}.Debug|Any CPU.ActiveCfg = Debug|Any CPU
		{A6795523-1BC9-4B2A-96BE-1B54B2675475}.Debug|Any CPU.Build.0 = Debug|Any CPU
		{A6795523-1BC9-4B2A-96BE-1B54B2675475}.Release|Any CPU.ActiveCfg = Release|Any CPU
		{A6795523-1BC9-4B2A-96BE-1B54B2675475}.Release|Any CPU.Build.0 = Release|Any CPU
		{630BDFFC-D3B0-4C89-A45C-A8731892D138}.Debug|Any CPU.ActiveCfg = Debug|Any CPU
		{630BDFFC-D3B0-4C89-A45C-A8731892D138}.Debug|Any CPU.Build.0 = Debug|Any CPU
		{630BDFFC-D3B0-4C89-A45C-A8731892D138}.Release|Any CPU.ActiveCfg = Release|Any CPU
		{630BDFFC-D3B0-4C89-A45C-A8731892D138}.Release|Any CPU.Build.0 = Release|Any CPU
	EndGlobalSection
	GlobalSection(SolutionProperties) = preSolution
		HideSolutionNode = FALSE
	EndGlobalSection
	GlobalSection(ExtensibilityGlobals) = postSolution
		SolutionGuid = {AF09324E-595C-4ADC-8FE6-61CA1CABABB3}
	EndGlobalSection
EndGlobal
